// !$*UTF8*$!
{
	archiveVersion = 1;
	classes = {
	};
	objectVersion = 55;
	objects = {

/* Begin PBXBuildFile section */
		0DB1AF4D2819C0BF00FAD95E /* AppDelegate.swift in Sources */ = {isa = PBXBuildFile; fileRef = 0DB1AF4C2819C0BF00FAD95E /* AppDelegate.swift */; };
		0DB1AF4F2819C0BF00FAD95E /* SceneDelegate.swift in Sources */ = {isa = PBXBuildFile; fileRef = 0DB1AF4E2819C0BF00FAD95E /* SceneDelegate.swift */; };
		0DB1AF512819C0BF00FAD95E /* ViewController.swift in Sources */ = {isa = PBXBuildFile; fileRef = 0DB1AF502819C0BF00FAD95E /* ViewController.swift */; };
		0DB1AF542819C0BF00FAD95E /* Main.storyboard in Resources */ = {isa = PBXBuildFile; fileRef = 0DB1AF522819C0BF00FAD95E /* Main.storyboard */; };
		0DB1AF562819C0BF00FAD95E /* Assets.xcassets in Resources */ = {isa = PBXBuildFile; fileRef = 0DB1AF552819C0BF00FAD95E /* Assets.xcassets */; };
		0DB1AF592819C0BF00FAD95E /* LaunchScreen.storyboard in Resources */ = {isa = PBXBuildFile; fileRef = 0DB1AF572819C0BF00FAD95E /* LaunchScreen.storyboard */; };
		0DB1AF722819C2E000FAD95E /* SF-Pro-Display-LightItalic.otf in Resources */ = {isa = PBXBuildFile; fileRef = 0DB1AF602819C2E000FAD95E /* SF-Pro-Display-LightItalic.otf */; };
		0DB1AF732819C2E000FAD95E /* SF-Pro-Display-RegularItalic.otf in Resources */ = {isa = PBXBuildFile; fileRef = 0DB1AF612819C2E000FAD95E /* SF-Pro-Display-RegularItalic.otf */; };
		0DB1AF742819C2E000FAD95E /* SF-Pro-Display-BoldItalic.otf in Resources */ = {isa = PBXBuildFile; fileRef = 0DB1AF622819C2E000FAD95E /* SF-Pro-Display-BoldItalic.otf */; };
		0DB1AF752819C2E000FAD95E /* SF-Pro-Display-Regular.otf in Resources */ = {isa = PBXBuildFile; fileRef = 0DB1AF632819C2E000FAD95E /* SF-Pro-Display-Regular.otf */; };
		0DB1AF762819C2E000FAD95E /* SF-Pro-Display-Medium.otf in Resources */ = {isa = PBXBuildFile; fileRef = 0DB1AF642819C2E000FAD95E /* SF-Pro-Display-Medium.otf */; };
		0DB1AF772819C2E000FAD95E /* SF-Pro-Display-HeavyItalic.otf in Resources */ = {isa = PBXBuildFile; fileRef = 0DB1AF652819C2E000FAD95E /* SF-Pro-Display-HeavyItalic.otf */; };
		0DB1AF782819C2E000FAD95E /* SF-Pro-Display-MediumItalic.otf in Resources */ = {isa = PBXBuildFile; fileRef = 0DB1AF662819C2E000FAD95E /* SF-Pro-Display-MediumItalic.otf */; };
		0DB1AF792819C2E000FAD95E /* SF-Pro-Display-Bold.otf in Resources */ = {isa = PBXBuildFile; fileRef = 0DB1AF672819C2E000FAD95E /* SF-Pro-Display-Bold.otf */; };
		0DB1AF7A2819C2E000FAD95E /* SF-Pro-Display-Semibold.otf in Resources */ = {isa = PBXBuildFile; fileRef = 0DB1AF682819C2E000FAD95E /* SF-Pro-Display-Semibold.otf */; };
		0DB1AF7B2819C2E000FAD95E /* SF-Pro-Display-Light.otf in Resources */ = {isa = PBXBuildFile; fileRef = 0DB1AF692819C2E000FAD95E /* SF-Pro-Display-Light.otf */; };
		0DB1AF7C2819C2E000FAD95E /* SF-Pro-Display-Heavy.otf in Resources */ = {isa = PBXBuildFile; fileRef = 0DB1AF6A2819C2E000FAD95E /* SF-Pro-Display-Heavy.otf */; };
		0DB1AF7D2819C2E000FAD95E /* SF-Pro-Display-Black.otf in Resources */ = {isa = PBXBuildFile; fileRef = 0DB1AF6B2819C2E000FAD95E /* SF-Pro-Display-Black.otf */; };
		0DB1AF7E2819C2E000FAD95E /* SF-Pro-Display-ThinItalic.otf in Resources */ = {isa = PBXBuildFile; fileRef = 0DB1AF6C2819C2E000FAD95E /* SF-Pro-Display-ThinItalic.otf */; };
		0DB1AF7F2819C2E000FAD95E /* SF-Pro-Display-Thin.otf in Resources */ = {isa = PBXBuildFile; fileRef = 0DB1AF6D2819C2E000FAD95E /* SF-Pro-Display-Thin.otf */; };
		0DB1AF802819C2E000FAD95E /* SF-Pro-Display-UltralightItalic.otf in Resources */ = {isa = PBXBuildFile; fileRef = 0DB1AF6E2819C2E000FAD95E /* SF-Pro-Display-UltralightItalic.otf */; };
		0DB1AF812819C2E000FAD95E /* SF-Pro-Display-Ultralight.otf in Resources */ = {isa = PBXBuildFile; fileRef = 0DB1AF6F2819C2E000FAD95E /* SF-Pro-Display-Ultralight.otf */; };
		0DB1AF822819C2E000FAD95E /* SF-Pro-Display-SemiboldItalic.otf in Resources */ = {isa = PBXBuildFile; fileRef = 0DB1AF702819C2E000FAD95E /* SF-Pro-Display-SemiboldItalic.otf */; };
		0DB1AF832819C2E000FAD95E /* SF-Pro-Display-BlackItalic.otf in Resources */ = {isa = PBXBuildFile; fileRef = 0DB1AF712819C2E000FAD95E /* SF-Pro-Display-BlackItalic.otf */; };
/* End PBXBuildFile section */

/* Begin PBXFileReference section */
		0DB1AF492819C0BF00FAD95E /* Deu Quanto.app */ = {isa = PBXFileReference; explicitFileType = wrapper.application; includeInIndex = 0; path = "Deu Quanto.app"; sourceTree = BUILT_PRODUCTS_DIR; };
		0DB1AF4C2819C0BF00FAD95E /* AppDelegate.swift */ = {isa = PBXFileReference; lastKnownFileType = sourcecode.swift; path = AppDelegate.swift; sourceTree = "<group>"; };
		0DB1AF4E2819C0BF00FAD95E /* SceneDelegate.swift */ = {isa = PBXFileReference; lastKnownFileType = sourcecode.swift; path = SceneDelegate.swift; sourceTree = "<group>"; };
		0DB1AF502819C0BF00FAD95E /* ViewController.swift */ = {isa = PBXFileReference; lastKnownFileType = sourcecode.swift; path = ViewController.swift; sourceTree = "<group>"; };
		0DB1AF532819C0BF00FAD95E /* Base */ = {isa = PBXFileReference; lastKnownFileType = file.storyboard; name = Base; path = Base.lproj/Main.storyboard; sourceTree = "<group>"; };
		0DB1AF552819C0BF00FAD95E /* Assets.xcassets */ = {isa = PBXFileReference; lastKnownFileType = folder.assetcatalog; path = Assets.xcassets; sourceTree = "<group>"; };
		0DB1AF582819C0BF00FAD95E /* Base */ = {isa = PBXFileReference; lastKnownFileType = file.storyboard; name = Base; path = Base.lproj/LaunchScreen.storyboard; sourceTree = "<group>"; };
		0DB1AF5A2819C0BF00FAD95E /* Info.plist */ = {isa = PBXFileReference; lastKnownFileType = text.plist.xml; path = Info.plist; sourceTree = "<group>"; };
		0DB1AF602819C2E000FAD95E /* SF-Pro-Display-LightItalic.otf */ = {isa = PBXFileReference; lastKnownFileType = file; name = "SF-Pro-Display-LightItalic.otf"; path = "../fonts/SF-Pro-Display-LightItalic.otf"; sourceTree = "<group>"; };
		0DB1AF612819C2E000FAD95E /* SF-Pro-Display-RegularItalic.otf */ = {isa = PBXFileReference; lastKnownFileType = file; name = "SF-Pro-Display-RegularItalic.otf"; path = "../fonts/SF-Pro-Display-RegularItalic.otf"; sourceTree = "<group>"; };
		0DB1AF622819C2E000FAD95E /* SF-Pro-Display-BoldItalic.otf */ = {isa = PBXFileReference; lastKnownFileType = file; name = "SF-Pro-Display-BoldItalic.otf"; path = "../fonts/SF-Pro-Display-BoldItalic.otf"; sourceTree = "<group>"; };
		0DB1AF632819C2E000FAD95E /* SF-Pro-Display-Regular.otf */ = {isa = PBXFileReference; lastKnownFileType = file; name = "SF-Pro-Display-Regular.otf"; path = "../fonts/SF-Pro-Display-Regular.otf"; sourceTree = "<group>"; };
		0DB1AF642819C2E000FAD95E /* SF-Pro-Display-Medium.otf */ = {isa = PBXFileReference; lastKnownFileType = file; name = "SF-Pro-Display-Medium.otf"; path = "../fonts/SF-Pro-Display-Medium.otf"; sourceTree = "<group>"; };
		0DB1AF652819C2E000FAD95E /* SF-Pro-Display-HeavyItalic.otf */ = {isa = PBXFileReference; lastKnownFileType = file; name = "SF-Pro-Display-HeavyItalic.otf"; path = "../fonts/SF-Pro-Display-HeavyItalic.otf"; sourceTree = "<group>"; };
		0DB1AF662819C2E000FAD95E /* SF-Pro-Display-MediumItalic.otf */ = {isa = PBXFileReference; lastKnownFileType = file; name = "SF-Pro-Display-MediumItalic.otf"; path = "../fonts/SF-Pro-Display-MediumItalic.otf"; sourceTree = "<group>"; };
		0DB1AF672819C2E000FAD95E /* SF-Pro-Display-Bold.otf */ = {isa = PBXFileReference; lastKnownFileType = file; name = "SF-Pro-Display-Bold.otf"; path = "../fonts/SF-Pro-Display-Bold.otf"; sourceTree = "<group>"; };
		0DB1AF682819C2E000FAD95E /* SF-Pro-Display-Semibold.otf */ = {isa = PBXFileReference; lastKnownFileType = file; name = "SF-Pro-Display-Semibold.otf"; path = "../fonts/SF-Pro-Display-Semibold.otf"; sourceTree = "<group>"; };
		0DB1AF692819C2E000FAD95E /* SF-Pro-Display-Light.otf */ = {isa = PBXFileReference; lastKnownFileType = file; name = "SF-Pro-Display-Light.otf"; path = "../fonts/SF-Pro-Display-Light.otf"; sourceTree = "<group>"; };
		0DB1AF6A2819C2E000FAD95E /* SF-Pro-Display-Heavy.otf */ = {isa = PBXFileReference; lastKnownFileType = file; name = "SF-Pro-Display-Heavy.otf"; path = "../fonts/SF-Pro-Display-Heavy.otf"; sourceTree = "<group>"; };
		0DB1AF6B2819C2E000FAD95E /* SF-Pro-Display-Black.otf */ = {isa = PBXFileReference; lastKnownFileType = file; name = "SF-Pro-Display-Black.otf"; path = "../fonts/SF-Pro-Display-Black.otf"; sourceTree = "<group>"; };
		0DB1AF6C2819C2E000FAD95E /* SF-Pro-Display-ThinItalic.otf */ = {isa = PBXFileReference; lastKnownFileType = file; name = "SF-Pro-Display-ThinItalic.otf"; path = "../fonts/SF-Pro-Display-ThinItalic.otf"; sourceTree = "<group>"; };
		0DB1AF6D2819C2E000FAD95E /* SF-Pro-Display-Thin.otf */ = {isa = PBXFileReference; lastKnownFileType = file; name = "SF-Pro-Display-Thin.otf"; path = "../fonts/SF-Pro-Display-Thin.otf"; sourceTree = "<group>"; };
		0DB1AF6E2819C2E000FAD95E /* SF-Pro-Display-UltralightItalic.otf */ = {isa = PBXFileReference; lastKnownFileType = file; name = "SF-Pro-Display-UltralightItalic.otf"; path = "../fonts/SF-Pro-Display-UltralightItalic.otf"; sourceTree = "<group>"; };
		0DB1AF6F2819C2E000FAD95E /* SF-Pro-Display-Ultralight.otf */ = {isa = PBXFileReference; lastKnownFileType = file; name = "SF-Pro-Display-Ultralight.otf"; path = "../fonts/SF-Pro-Display-Ultralight.otf"; sourceTree = "<group>"; };
		0DB1AF702819C2E000FAD95E /* SF-Pro-Display-SemiboldItalic.otf */ = {isa = PBXFileReference; lastKnownFileType = file; name = "SF-Pro-Display-SemiboldItalic.otf"; path = "../fonts/SF-Pro-Display-SemiboldItalic.otf"; sourceTree = "<group>"; };
		0DB1AF712819C2E000FAD95E /* SF-Pro-Display-BlackItalic.otf */ = {isa = PBXFileReference; lastKnownFileType = file; name = "SF-Pro-Display-BlackItalic.otf"; path = "../fonts/SF-Pro-Display-BlackItalic.otf"; sourceTree = "<group>"; };
/* End PBXFileReference section */

/* Begin PBXFrameworksBuildPhase section */
		0DB1AF462819C0BF00FAD95E /* Frameworks */ = {
			isa = PBXFrameworksBuildPhase;
			buildActionMask = 2147483647;
			files = (
			);
			runOnlyForDeploymentPostprocessing = 0;
		};
/* End PBXFrameworksBuildPhase section */

/* Begin PBXGroup section */
		0DB1AF402819C0BF00FAD95E = {
			isa = PBXGroup;
			children = (
				0DB1AF6B2819C2E000FAD95E /* SF-Pro-Display-Black.otf */,
				0DB1AF712819C2E000FAD95E /* SF-Pro-Display-BlackItalic.otf */,
				0DB1AF672819C2E000FAD95E /* SF-Pro-Display-Bold.otf */,
				0DB1AF622819C2E000FAD95E /* SF-Pro-Display-BoldItalic.otf */,
				0DB1AF6A2819C2E000FAD95E /* SF-Pro-Display-Heavy.otf */,
				0DB1AF652819C2E000FAD95E /* SF-Pro-Display-HeavyItalic.otf */,
				0DB1AF692819C2E000FAD95E /* SF-Pro-Display-Light.otf */,
				0DB1AF602819C2E000FAD95E /* SF-Pro-Display-LightItalic.otf */,
				0DB1AF642819C2E000FAD95E /* SF-Pro-Display-Medium.otf */,
				0DB1AF662819C2E000FAD95E /* SF-Pro-Display-MediumItalic.otf */,
				0DB1AF632819C2E000FAD95E /* SF-Pro-Display-Regular.otf */,
				0DB1AF612819C2E000FAD95E /* SF-Pro-Display-RegularItalic.otf */,
				0DB1AF682819C2E000FAD95E /* SF-Pro-Display-Semibold.otf */,
				0DB1AF702819C2E000FAD95E /* SF-Pro-Display-SemiboldItalic.otf */,
				0DB1AF6D2819C2E000FAD95E /* SF-Pro-Display-Thin.otf */,
				0DB1AF6C2819C2E000FAD95E /* SF-Pro-Display-ThinItalic.otf */,
				0DB1AF6F2819C2E000FAD95E /* SF-Pro-Display-Ultralight.otf */,
				0DB1AF6E2819C2E000FAD95E /* SF-Pro-Display-UltralightItalic.otf */,
				0DB1AF4B2819C0BF00FAD95E /* Deu Quanto */,
				0DB1AF4A2819C0BF00FAD95E /* Products */,
			);
			sourceTree = "<group>";
		};
		0DB1AF4A2819C0BF00FAD95E /* Products */ = {
			isa = PBXGroup;
			children = (
				0DB1AF492819C0BF00FAD95E /* Deu Quanto.app */,
			);
			name = Products;
			sourceTree = "<group>";
		};
		0DB1AF4B2819C0BF00FAD95E /* Deu Quanto */ = {
			isa = PBXGroup;
			children = (
				0DB1AF4C2819C0BF00FAD95E /* AppDelegate.swift */,
				0DB1AF4E2819C0BF00FAD95E /* SceneDelegate.swift */,
				0DB1AF502819C0BF00FAD95E /* ViewController.swift */,
				0DB1AF522819C0BF00FAD95E /* Main.storyboard */,
				0DB1AF552819C0BF00FAD95E /* Assets.xcassets */,
				0DB1AF572819C0BF00FAD95E /* LaunchScreen.storyboard */,
				0DB1AF5A2819C0BF00FAD95E /* Info.plist */,
			);
			path = "Deu Quanto";
			sourceTree = "<group>";
		};
/* End PBXGroup section */

/* Begin PBXNativeTarget section */
		0DB1AF482819C0BF00FAD95E /* Deu Quanto */ = {
			isa = PBXNativeTarget;
			buildConfigurationList = 0DB1AF5D2819C0BF00FAD95E /* Build configuration list for PBXNativeTarget "Deu Quanto" */;
			buildPhases = (
				0DB1AF452819C0BF00FAD95E /* Sources */,
				0DB1AF462819C0BF00FAD95E /* Frameworks */,
				0DB1AF472819C0BF00FAD95E /* Resources */,
			);
			buildRules = (
			);
			dependencies = (
			);
			name = "Deu Quanto";
			productName = "Deu Quanto";
			productReference = 0DB1AF492819C0BF00FAD95E /* Deu Quanto.app */;
			productType = "com.apple.product-type.application";
		};
/* End PBXNativeTarget section */

/* Begin PBXProject section */
		0DB1AF412819C0BF00FAD95E /* Project object */ = {
			isa = PBXProject;
			attributes = {
				BuildIndependentTargetsInParallel = 1;
				LastSwiftUpdateCheck = 1330;
				LastUpgradeCheck = 1330;
				TargetAttributes = {
					0DB1AF482819C0BF00FAD95E = {
						CreatedOnToolsVersion = 13.3.1;
					};
				};
			};
			buildConfigurationList = 0DB1AF442819C0BF00FAD95E /* Build configuration list for PBXProject "Deu Quanto" */;
			compatibilityVersion = "Xcode 13.0";
			developmentRegion = en;
			hasScannedForEncodings = 0;
			knownRegions = (
				en,
				Base,
			);
			mainGroup = 0DB1AF402819C0BF00FAD95E;
			productRefGroup = 0DB1AF4A2819C0BF00FAD95E /* Products */;
			projectDirPath = "";
			projectRoot = "";
			targets = (
				0DB1AF482819C0BF00FAD95E /* Deu Quanto */,
			);
		};
/* End PBXProject section */

/* Begin PBXResourcesBuildPhase section */
		0DB1AF472819C0BF00FAD95E /* Resources */ = {
			isa = PBXResourcesBuildPhase;
			buildActionMask = 2147483647;
			files = (
				0DB1AF7A2819C2E000FAD95E /* SF-Pro-Display-Semibold.otf in Resources */,
				0DB1AF762819C2E000FAD95E /* SF-Pro-Display-Medium.otf in Resources */,
				0DB1AF7D2819C2E000FAD95E /* SF-Pro-Display-Black.otf in Resources */,
				0DB1AF802819C2E000FAD95E /* SF-Pro-Display-UltralightItalic.otf in Resources */,
				0DB1AF822819C2E000FAD95E /* SF-Pro-Display-SemiboldItalic.otf in Resources */,
				0DB1AF742819C2E000FAD95E /* SF-Pro-Display-BoldItalic.otf in Resources */,
				0DB1AF7E2819C2E000FAD95E /* SF-Pro-Display-ThinItalic.otf in Resources */,
				0DB1AF812819C2E000FAD95E /* SF-Pro-Display-Ultralight.otf in Resources */,
				0DB1AF592819C0BF00FAD95E /* LaunchScreen.storyboard in Resources */,
				0DB1AF7B2819C2E000FAD95E /* SF-Pro-Display-Light.otf in Resources */,
				0DB1AF562819C0BF00FAD95E /* Assets.xcassets in Resources */,
				0DB1AF722819C2E000FAD95E /* SF-Pro-Display-LightItalic.otf in Resources */,
				0DB1AF732819C2E000FAD95E /* SF-Pro-Display-RegularItalic.otf in Resources */,
				0DB1AF782819C2E000FAD95E /* SF-Pro-Display-MediumItalic.otf in Resources */,
				0DB1AF7C2819C2E000FAD95E /* SF-Pro-Display-Heavy.otf in Resources */,
				0DB1AF752819C2E000FAD95E /* SF-Pro-Display-Regular.otf in Resources */,
				0DB1AF832819C2E000FAD95E /* SF-Pro-Display-BlackItalic.otf in Resources */,
				0DB1AF772819C2E000FAD95E /* SF-Pro-Display-HeavyItalic.otf in Resources */,
				0DB1AF542819C0BF00FAD95E /* Main.storyboard in Resources */,
				0DB1AF7F2819C2E000FAD95E /* SF-Pro-Display-Thin.otf in Resources */,
				0DB1AF792819C2E000FAD95E /* SF-Pro-Display-Bold.otf in Resources */,
			);
			runOnlyForDeploymentPostprocessing = 0;
		};
/* End PBXResourcesBuildPhase section */

/* Begin PBXSourcesBuildPhase section */
		0DB1AF452819C0BF00FAD95E /* Sources */ = {
			isa = PBXSourcesBuildPhase;
			buildActionMask = 2147483647;
			files = (
				0DB1AF512819C0BF00FAD95E /* ViewController.swift in Sources */,
				0DB1AF4D2819C0BF00FAD95E /* AppDelegate.swift in Sources */,
				0DB1AF4F2819C0BF00FAD95E /* SceneDelegate.swift in Sources */,
			);
			runOnlyForDeploymentPostprocessing = 0;
		};
/* End PBXSourcesBuildPhase section */

/* Begin PBXVariantGroup section */
		0DB1AF522819C0BF00FAD95E /* Main.storyboard */ = {
			isa = PBXVariantGroup;
			children = (
				0DB1AF532819C0BF00FAD95E /* Base */,
			);
			name = Main.storyboard;
			sourceTree = "<group>";
		};
		0DB1AF572819C0BF00FAD95E /* LaunchScreen.storyboard */ = {
			isa = PBXVariantGroup;
			children = (
				0DB1AF582819C0BF00FAD95E /* Base */,
			);
			name = LaunchScreen.storyboard;
			sourceTree = "<group>";
		};
/* End PBXVariantGroup section */

/* Begin XCBuildConfiguration section */
		0DB1AF5B2819C0BF00FAD95E /* Debug */ = {
			isa = XCBuildConfiguration;
			buildSettings = {
				ALWAYS_SEARCH_USER_PATHS = NO;
				CLANG_ANALYZER_NONNULL = YES;
				CLANG_ANALYZER_NUMBER_OBJECT_CONVERSION = YES_AGGRESSIVE;
				CLANG_CXX_LANGUAGE_STANDARD = "gnu++17";
				CLANG_ENABLE_MODULES = YES;
				CLANG_ENABLE_OBJC_ARC = YES;
				CLANG_ENABLE_OBJC_WEAK = YES;
				CLANG_WARN_BLOCK_CAPTURE_AUTORELEASING = YES;
				CLANG_WARN_BOOL_CONVERSION = YES;
				CLANG_WARN_COMMA = YES;
				CLANG_WARN_CONSTANT_CONVERSION = YES;
				CLANG_WARN_DEPRECATED_OBJC_IMPLEMENTATIONS = YES;
				CLANG_WARN_DIRECT_OBJC_ISA_USAGE = YES_ERROR;
				CLANG_WARN_DOCUMENTATION_COMMENTS = YES;
				CLANG_WARN_EMPTY_BODY = YES;
				CLANG_WARN_ENUM_CONVERSION = YES;
				CLANG_WARN_INFINITE_RECURSION = YES;
				CLANG_WARN_INT_CONVERSION = YES;
				CLANG_WARN_NON_LITERAL_NULL_CONVERSION = YES;
				CLANG_WARN_OBJC_IMPLICIT_RETAIN_SELF = YES;
				CLANG_WARN_OBJC_LITERAL_CONVERSION = YES;
				CLANG_WARN_OBJC_ROOT_CLASS = YES_ERROR;
				CLANG_WARN_QUOTED_INCLUDE_IN_FRAMEWORK_HEADER = YES;
				CLANG_WARN_RANGE_LOOP_ANALYSIS = YES;
				CLANG_WARN_STRICT_PROTOTYPES = YES;
				CLANG_WARN_SUSPICIOUS_MOVE = YES;
				CLANG_WARN_UNGUARDED_AVAILABILITY = YES_AGGRESSIVE;
				CLANG_WARN_UNREACHABLE_CODE = YES;
				CLANG_WARN__DUPLICATE_METHOD_MATCH = YES;
				COPY_PHASE_STRIP = NO;
				DEBUG_INFORMATION_FORMAT = dwarf;
				ENABLE_STRICT_OBJC_MSGSEND = YES;
				ENABLE_TESTABILITY = YES;
				GCC_C_LANGUAGE_STANDARD = gnu11;
				GCC_DYNAMIC_NO_PIC = NO;
				GCC_NO_COMMON_BLOCKS = YES;
				GCC_OPTIMIZATION_LEVEL = 0;
				GCC_PREPROCESSOR_DEFINITIONS = (
					"DEBUG=1",
					"$(inherited)",
				);
				GCC_WARN_64_TO_32_BIT_CONVERSION = YES;
				GCC_WARN_ABOUT_RETURN_TYPE = YES_ERROR;
				GCC_WARN_UNDECLARED_SELECTOR = YES;
				GCC_WARN_UNINITIALIZED_AUTOS = YES_AGGRESSIVE;
				GCC_WARN_UNUSED_FUNCTION = YES;
				GCC_WARN_UNUSED_VARIABLE = YES;
				IPHONEOS_DEPLOYMENT_TARGET = 15.4;
				MTL_ENABLE_DEBUG_INFO = INCLUDE_SOURCE;
				MTL_FAST_MATH = YES;
				ONLY_ACTIVE_ARCH = YES;
				SDKROOT = iphoneos;
				SWIFT_ACTIVE_COMPILATION_CONDITIONS = DEBUG;
				SWIFT_OPTIMIZATION_LEVEL = "-Onone";
			};
			name = Debug;
		};
		0DB1AF5C2819C0BF00FAD95E /* Release */ = {
			isa = XCBuildConfiguration;
			buildSettings = {
				ALWAYS_SEARCH_USER_PATHS = NO;
				CLANG_ANALYZER_NONNULL = YES;
				CLANG_ANALYZER_NUMBER_OBJECT_CONVERSION = YES_AGGRESSIVE;
				CLANG_CXX_LANGUAGE_STANDARD = "gnu++17";
				CLANG_ENABLE_MODULES = YES;
				CLANG_ENABLE_OBJC_ARC = YES;
				CLANG_ENABLE_OBJC_WEAK = YES;
				CLANG_WARN_BLOCK_CAPTURE_AUTORELEASING = YES;
				CLANG_WARN_BOOL_CONVERSION = YES;
				CLANG_WARN_COMMA = YES;
				CLANG_WARN_CONSTANT_CONVERSION = YES;
				CLANG_WARN_DEPRECATED_OBJC_IMPLEMENTATIONS = YES;
				CLANG_WARN_DIRECT_OBJC_ISA_USAGE = YES_ERROR;
				CLANG_WARN_DOCUMENTATION_COMMENTS = YES;
				CLANG_WARN_EMPTY_BODY = YES;
				CLANG_WARN_ENUM_CONVERSION = YES;
				CLANG_WARN_INFINITE_RECURSION = YES;
				CLANG_WARN_INT_CONVERSION = YES;
				CLANG_WARN_NON_LITERAL_NULL_CONVERSION = YES;
				CLANG_WARN_OBJC_IMPLICIT_RETAIN_SELF = YES;
				CLANG_WARN_OBJC_LITERAL_CONVERSION = YES;
				CLANG_WARN_OBJC_ROOT_CLASS = YES_ERROR;
				CLANG_WARN_QUOTED_INCLUDE_IN_FRAMEWORK_HEADER = YES;
				CLANG_WARN_RANGE_LOOP_ANALYSIS = YES;
				CLANG_WARN_STRICT_PROTOTYPES = YES;
				CLANG_WARN_SUSPICIOUS_MOVE = YES;
				CLANG_WARN_UNGUARDED_AVAILABILITY = YES_AGGRESSIVE;
				CLANG_WARN_UNREACHABLE_CODE = YES;
				CLANG_WARN__DUPLICATE_METHOD_MATCH = YES;
				COPY_PHASE_STRIP = NO;
				DEBUG_INFORMATION_FORMAT = "dwarf-with-dsym";
				ENABLE_NS_ASSERTIONS = NO;
				ENABLE_STRICT_OBJC_MSGSEND = YES;
				GCC_C_LANGUAGE_STANDARD = gnu11;
				GCC_NO_COMMON_BLOCKS = YES;
				GCC_WARN_64_TO_32_BIT_CONVERSION = YES;
				GCC_WARN_ABOUT_RETURN_TYPE = YES_ERROR;
				GCC_WARN_UNDECLARED_SELECTOR = YES;
				GCC_WARN_UNINITIALIZED_AUTOS = YES_AGGRESSIVE;
				GCC_WARN_UNUSED_FUNCTION = YES;
				GCC_WARN_UNUSED_VARIABLE = YES;
				IPHONEOS_DEPLOYMENT_TARGET = 15.4;
				MTL_ENABLE_DEBUG_INFO = NO;
				MTL_FAST_MATH = YES;
				SDKROOT = iphoneos;
				SWIFT_COMPILATION_MODE = wholemodule;
				SWIFT_OPTIMIZATION_LEVEL = "-O";
				VALIDATE_PRODUCT = YES;
			};
			name = Release;
		};
		0DB1AF5E2819C0BF00FAD95E /* Debug */ = {
			isa = XCBuildConfiguration;
			buildSettings = {
				ASSETCATALOG_COMPILER_APPICON_NAME = AppIcon;
				ASSETCATALOG_COMPILER_GLOBAL_ACCENT_COLOR_NAME = AccentColor;
				CODE_SIGN_STYLE = Automatic;
				CURRENT_PROJECT_VERSION = 1;
				GENERATE_INFOPLIST_FILE = YES;
				INFOPLIST_FILE = "Deu Quanto/Info.plist";
				INFOPLIST_KEY_UIApplicationSupportsIndirectInputEvents = YES;
				INFOPLIST_KEY_UILaunchStoryboardName = LaunchScreen;
				INFOPLIST_KEY_UIMainStoryboardFile = Main;
				INFOPLIST_KEY_UISupportedInterfaceOrientations_iPad = "UIInterfaceOrientationPortrait UIInterfaceOrientationPortraitUpsideDown UIInterfaceOrientationLandscapeLeft UIInterfaceOrientationLandscapeRight";
				INFOPLIST_KEY_UISupportedInterfaceOrientations_iPhone = "UIInterfaceOrientationPortrait UIInterfaceOrientationLandscapeLeft UIInterfaceOrientationLandscapeRight";
				LD_RUNPATH_SEARCH_PATHS = (
					"$(inherited)",
					"@executable_path/Frameworks",
				);
				MARKETING_VERSION = 1.0;
				PRODUCT_BUNDLE_IDENTIFIER = "br.ufpe.cin.academy.lcjbv2.Deu-Quanto";
				PRODUCT_NAME = "$(TARGET_NAME)";
				SWIFT_EMIT_LOC_STRINGS = YES;
				SWIFT_VERSION = 5.0;
				TARGETED_DEVICE_FAMILY = "1,2";
			};
			name = Debug;
		};
		0DB1AF5F2819C0BF00FAD95E /* Release */ = {
			isa = XCBuildConfiguration;
			buildSettings = {
				ASSETCATALOG_COMPILER_APPICON_NAME = AppIcon;
				ASSETCATALOG_COMPILER_GLOBAL_ACCENT_COLOR_NAME = AccentColor;
				CODE_SIGN_STYLE = Automatic;
				CURRENT_PROJECT_VERSION = 1;
				GENERATE_INFOPLIST_FILE = YES;
				INFOPLIST_FILE = "Deu Quanto/Info.plist";
				INFOPLIST_KEY_UIApplicationSupportsIndirectInputEvents = YES;
				INFOPLIST_KEY_UILaunchStoryboardName = LaunchScreen;
				INFOPLIST_KEY_UIMainStoryboardFile = Main;
				INFOPLIST_KEY_UISupportedInterfaceOrientations_iPad = "UIInterfaceOrientationPortrait UIInterfaceOrientationPortraitUpsideDown UIInterfaceOrientationLandscapeLeft UIInterfaceOrientationLandscapeRight";
				INFOPLIST_KEY_UISupportedInterfaceOrientations_iPhone = "UIInterfaceOrientationPortrait UIInterfaceOrientationLandscapeLeft UIInterfaceOrientationLandscapeRight";
				LD_RUNPATH_SEARCH_PATHS = (
					"$(inherited)",
					"@executable_path/Frameworks",
				);
				MARKETING_VERSION = 1.0;
				PRODUCT_BUNDLE_IDENTIFIER = "br.ufpe.cin.academy.lcjbv2.Deu-Quanto";
				PRODUCT_NAME = "$(TARGET_NAME)";
				SWIFT_EMIT_LOC_STRINGS = YES;
				SWIFT_VERSION = 5.0;
				TARGETED_DEVICE_FAMILY = "1,2";
			};
			name = Release;
		};
/* End XCBuildConfiguration section */

/* Begin XCConfigurationList section */
		0DB1AF442819C0BF00FAD95E /* Build configuration list for PBXProject "Deu Quanto" */ = {
			isa = XCConfigurationList;
			buildConfigurations = (
				0DB1AF5B2819C0BF00FAD95E /* Debug */,
				0DB1AF5C2819C0BF00FAD95E /* Release */,
			);
			defaultConfigurationIsVisible = 0;
			defaultConfigurationName = Release;
		};
		0DB1AF5D2819C0BF00FAD95E /* Build configuration list for PBXNativeTarget "Deu Quanto" */ = {
			isa = XCConfigurationList;
			buildConfigurations = (
				0DB1AF5E2819C0BF00FAD95E /* Debug */,
				0DB1AF5F2819C0BF00FAD95E /* Release */,
			);
			defaultConfigurationIsVisible = 0;
			defaultConfigurationName = Release;
		};
/* End XCConfigurationList section */
	};
	rootObject = 0DB1AF412819C0BF00FAD95E /* Project object */;
}
